// !$*UTF8*$!
{
	archiveVersion = 1;
	classes = {
	};
	objectVersion = 50;
	objects = {

/* Begin PBXBuildFile section */
		FF428DAE207FB69D008B8057 /* AppDelegate.m in Sources */ = {isa = PBXBuildFile; fileRef = FF428DAD207FB69D008B8057 /* AppDelegate.m */; };
		FF428DB1207FB69D008B8057 /* ViewController.m in Sources */ = {isa = PBXBuildFile; fileRef = FF428DB0207FB69D008B8057 /* ViewController.m */; };
		FF428DB4207FB69D008B8057 /* Main.storyboard in Resources */ = {isa = PBXBuildFile; fileRef = FF428DB2207FB69D008B8057 /* Main.storyboard */; };
		FF428DB6207FB6A0008B8057 /* Assets.xcassets in Resources */ = {isa = PBXBuildFile; fileRef = FF428DB5207FB6A0008B8057 /* Assets.xcassets */; };
		FF428DB9207FB6A0008B8057 /* LaunchScreen.storyboard in Resources */ = {isa = PBXBuildFile; fileRef = FF428DB7207FB6A0008B8057 /* LaunchScreen.storyboard */; };
		FF428DBC207FB6A0008B8057 /* main.m in Sources */ = {isa = PBXBuildFile; fileRef = FF428DBB207FB6A0008B8057 /* main.m */; };
		FF428DC5207FB6D9008B8057 /* MyArray.m in Sources */ = {isa = PBXBuildFile; fileRef = FF428DC4207FB6D9008B8057 /* MyArray.m */; };
/* End PBXBuildFile section */

/* Begin PBXFileReference section */
		FF428DA9207FB69D008B8057 /* Arrays.app */ = {isa = PBXFileReference; explicitFileType = wrapper.application; includeInIndex = 0; path = Arrays.app; sourceTree = BUILT_PRODUCTS_DIR; };
		FF428DAC207FB69D008B8057 /* AppDelegate.h */ = {isa = PBXFileReference; lastKnownFileType = sourcecode.c.h; path = AppDelegate.h; sourceTree = "<group>"; };
		FF428DAD207FB69D008B8057 /* AppDelegate.m */ = {isa = PBXFileReference; lastKnownFileType = sourcecode.c.objc; path = AppDelegate.m; sourceTree = "<group>"; };
		FF428DAF207FB69D008B8057 /* ViewController.h */ = {isa = PBXFileReference; lastKnownFileType = sourcecode.c.h; path = ViewController.h; sourceTree = "<group>"; };
		FF428DB0207FB69D008B8057 /* ViewController.m */ = {isa = PBXFileReference; lastKnownFileType = sourcecode.c.objc; path = ViewController.m; sourceTree = "<group>"; };
		FF428DB3207FB69D008B8057 /* Base */ = {isa = PBXFileReference; lastKnownFileType = file.storyboard; name = Base; path = Base.lproj/Main.storyboard; sourceTree = "<group>"; };
		FF428DB5207FB6A0008B8057 /* Assets.xcassets */ = {isa = PBXFileReference; lastKnownFileType = folder.assetcatalog; path = Assets.xcassets; sourceTree = "<group>"; };
		FF428DB8207FB6A0008B8057 /* Base */ = {isa = PBXFileReference; lastKnownFileType = file.storyboard; name = Base; path = Base.lproj/LaunchScreen.storyboard; sourceTree = "<group>"; };
		FF428DBA207FB6A0008B8057 /* Info.plist */ = {isa = PBXFileReference; lastKnownFileType = text.plist.xml; path = Info.plist; sourceTree = "<group>"; };
		FF428DBB207FB6A0008B8057 /* main.m */ = {isa = PBXFileReference; lastKnownFileType = sourcecode.c.objc; path = main.m; sourceTree = "<group>"; };
		FF428DC2207FB6B5008B8057 /* MyArray.h */ = {isa = PBXFileReference; lastKnownFileType = sourcecode.c.h; path = MyArray.h; sourceTree = "<group>"; };
		FF428DC4207FB6D9008B8057 /* MyArray.m */ = {isa = PBXFileReference; lastKnownFileType = sourcecode.c.objc; path = MyArray.m; sourceTree = "<group>"; };
/* End PBXFileReference section */

/* Begin PBXFrameworksBuildPhase section */
		FF428DA6207FB69D008B8057 /* Frameworks */ = {
			isa = PBXFrameworksBuildPhase;
			buildActionMask = 2147483647;
			files = (
			);
			runOnlyForDeploymentPostprocessing = 0;
		};
/* End PBXFrameworksBuildPhase section */

/* Begin PBXGroup section */
		FF428DA0207FB69D008B8057 = {
			isa = PBXGroup;
			children = (
				FF428DAB207FB69D008B8057 /* Arrays */,
				FF428DAA207FB69D008B8057 /* Products */,
			);
			sourceTree = "<group>";
		};
		FF428DAA207FB69D008B8057 /* Products */ = {
			isa = PBXGroup;
			children = (
				FF428DA9207FB69D008B8057 /* Arrays.app */,
			);
			name = Products;
			sourceTree = "<group>";
		};
		FF428DAB207FB69D008B8057 /* Arrays */ = {
			isa = PBXGroup;
			children = (
				FF428DC3207FB6C0008B8057 /* 1 */,
				FF428DAC207FB69D008B8057 /* AppDelegate.h */,
				FF428DAD207FB69D008B8057 /* AppDelegate.m */,
				FF428DAF207FB69D008B8057 /* ViewController.h */,
				FF428DB0207FB69D008B8057 /* ViewController.m */,
				FF428DB2207FB69D008B8057 /* Main.storyboard */,
				FF428DB5207FB6A0008B8057 /* Assets.xcassets */,
				FF428DB7207FB6A0008B8057 /* LaunchScreen.storyboard */,
				FF428DBA207FB6A0008B8057 /* Info.plist */,
				FF428DBB207FB6A0008B8057 /* main.m */,
			);
			path = Arrays;
			sourceTree = "<group>";
		};
		FF428DC3207FB6C0008B8057 /* 1 */ = {
			isa = PBXGroup;
			children = (
				FF428DC2207FB6B5008B8057 /* MyArray.h */,
				FF428DC4207FB6D9008B8057 /* MyArray.m */,
			);
			path = 1;
			sourceTree = "<group>";
		};
/* End PBXGroup section */

/* Begin PBXNativeTarget section */
		FF428DA8207FB69D008B8057 /* Arrays */ = {
			isa = PBXNativeTarget;
			buildConfigurationList = FF428DBF207FB6A0008B8057 /* Build configuration list for PBXNativeTarget "Arrays" */;
			buildPhases = (
				FF428DA5207FB69D008B8057 /* Sources */,
				FF428DA6207FB69D008B8057 /* Frameworks */,
				FF428DA7207FB69D008B8057 /* Resources */,
			);
			buildRules = (
			);
			dependencies = (
			);
			name = Arrays;
			productName = Arrays;
			productReference = FF428DA9207FB69D008B8057 /* Arrays.app */;
			productType = "com.apple.product-type.application";
		};
/* End PBXNativeTarget section */

/* Begin PBXProject section */
		FF428DA1207FB69D008B8057 /* Project object */ = {
			isa = PBXProject;
			attributes = {
				LastUpgradeCheck = 0930;
				ORGANIZATIONNAME = Barzdyka;
				TargetAttributes = {
					FF428DA8207FB69D008B8057 = {
						CreatedOnToolsVersion = 9.3;
					};
				};
			};
			buildConfigurationList = FF428DA4207FB69D008B8057 /* Build configuration list for PBXProject "Arrays" */;
			compatibilityVersion = "Xcode 9.3";
			developmentRegion = en;
			hasScannedForEncodings = 0;
			knownRegions = (
				en,
				Base,
			);
			mainGroup = FF428DA0207FB69D008B8057;
			productRefGroup = FF428DAA207FB69D008B8057 /* Products */;
			projectDirPath = "";
			projectRoot = "";
			targets = (
				FF428DA8207FB69D008B8057 /* Arrays */,
			);
		};
/* End PBXProject section */

/* Begin PBXResourcesBuildPhase section */
		FF428DA7207FB69D008B8057 /* Resources */ = {
			isa = PBXResourcesBuildPhase;
			buildActionMask = 2147483647;
			files = (
				FF428DB9207FB6A0008B8057 /* LaunchScreen.storyboard in Resources */,
				FF428DB6207FB6A0008B8057 /* Assets.xcassets in Resources */,
				FF428DB4207FB69D008B8057 /* Main.storyboard in Resources */,
			);
			runOnlyForDeploymentPostprocessing = 0;
		};
/* End PBXResourcesBuildPhase section */

/* Begin PBXSourcesBuildPhase section */
		FF428DA5207FB69D008B8057 /* Sources */ = {
			isa = PBXSourcesBuildPhase;
			buildActionMask = 2147483647;
			files = (
				FF428DB1207FB69D008B8057 /* ViewController.m in Sources */,
				FF428DC5207FB6D9008B8057 /* MyArray.m in Sources */,
				FF428DBC207FB6A0008B8057 /* main.m in Sources */,
				FF428DAE207FB69D008B8057 /* AppDelegate.m in Sources */,
			);
			runOnlyForDeploymentPostprocessing = 0;
		};
/* End PBXSourcesBuildPhase section */

/* Begin PBXVariantGroup section */
		FF428DB2207FB69D008B8057 /* Main.storyboard */ = {
			isa = PBXVariantGroup;
			children = (
				FF428DB3207FB69D008B8057 /* Base */,
			);
			name = Main.storyboard;
			sourceTree = "<group>";
		};
		FF428DB7207FB6A0008B8057 /* LaunchScreen.storyboard */ = {
			isa = PBXVariantGroup;
			children = (
				FF428DB8207FB6A0008B8057 /* Base */,
			);
			name = LaunchScreen.storyboard;
			sourceTree = "<group>";
		};
/* End PBXVariantGroup section */

/* Begin XCBuildConfiguration section */
		FF428DBD207FB6A0008B8057 /* Debug */ = {
			isa = XCBuildConfiguration;
			buildSettings = {
				ALWAYS_SEARCH_USER_PATHS = NO;
				CLANG_ANALYZER_NONNULL = YES;
				CLANG_ANALYZER_NUMBER_OBJECT_CONVERSION = YES_AGGRESSIVE;
				CLANG_CXX_LANGUAGE_STANDARD = "gnu++14";
				CLANG_CXX_LIBRARY = "libc++";
				CLANG_ENABLE_MODULES = YES;
				CLANG_ENABLE_OBJC_ARC = YES;
				CLANG_ENABLE_OBJC_WEAK = YES;
				CLANG_WARN_BLOCK_CAPTURE_AUTORELEASING = YES;
				CLANG_WARN_BOOL_CONVERSION = YES;
				CLANG_WARN_COMMA = YES;
				CLANG_WARN_CONSTANT_CONVERSION = YES;
				CLANG_WARN_DEPRECATED_OBJC_IMPLEMENTATIONS = YES;
				CLANG_WARN_DIRECT_OBJC_ISA_USAGE = YES_ERROR;
				CLANG_WARN_DOCUMENTATION_COMMENTS = YES;
				CLANG_WARN_EMPTY_BODY = YES;
				CLANG_WARN_ENUM_CONVERSION = YES;
				CLANG_WARN_INFINITE_RECURSION = YES;
				CLANG_WARN_INT_CONVERSION = YES;
				CLANG_WARN_NON_LITERAL_NULL_CONVERSION = YES;
				CLANG_WARN_OBJC_IMPLICIT_RETAIN_SELF = YES;
				CLANG_WARN_OBJC_LITERAL_CONVERSION = YES;
				CLANG_WARN_OBJC_ROOT_CLASS = YES_ERROR;
				CLANG_WARN_RANGE_LOOP_ANALYSIS = YES;
				CLANG_WARN_STRICT_PROTOTYPES = YES;
				CLANG_WARN_SUSPICIOUS_MOVE = YES;
				CLANG_WARN_UNGUARDED_AVAILABILITY = YES_AGGRESSIVE;
				CLANG_WARN_UNREACHABLE_CODE = YES;
				CLANG_WARN__DUPLICATE_METHOD_MATCH = YES;
				CODE_SIGN_IDENTITY = "iPhone Developer";
				COPY_PHASE_STRIP = NO;
				DEBUG_INFORMATION_FORMAT = dwarf;
				ENABLE_STRICT_OBJC_MSGSEND = YES;
				ENABLE_TESTABILITY = YES;
				GCC_C_LANGUAGE_STANDARD = gnu11;
				GCC_DYNAMIC_NO_PIC = NO;
				GCC_NO_COMMON_BLOCKS = YES;
				GCC_OPTIMIZATION_LEVEL = 0;
				GCC_PREPROCESSOR_DEFINITIONS = (
					"DEBUG=1",
					"$(inherited)",
				);
				GCC_WARN_64_TO_32_BIT_CONVERSION = YES;
				GCC_WARN_ABOUT_RETURN_TYPE = YES_ERROR;
				GCC_WARN_UNDECLARED_SELECTOR = YES;
				GCC_WARN_UNINITIALIZED_AUTOS = YES_AGGRESSIVE;
				GCC_WARN_UNUSED_FUNCTION = YES;
				GCC_WARN_UNUSED_VARIABLE = YES;
				IPHONEOS_DEPLOYMENT_TARGET = 11.3;
				MTL_ENABLE_DEBUG_INFO = YES;
				ONLY_ACTIVE_ARCH = YES;
				SDKROOT = iphoneos;
			};
			name = Debug;
		};
		FF428DBE207FB6A0008B8057 /* Release */ = {
			isa = XCBuildConfiguration;
			buildSettings = {
				ALWAYS_SEARCH_USER_PATHS = NO;
				CLANG_ANALYZER_NONNULL = YES;
				CLANG_ANALYZER_NUMBER_OBJECT_CONVERSION = YES_AGGRESSIVE;
				CLANG_CXX_LANGUAGE_STANDARD = "gnu++14";
				CLANG_CXX_LIBRARY = "libc++";
				CLANG_ENABLE_MODULES = YES;
				CLANG_ENABLE_OBJC_ARC = YES;
				CLANG_ENABLE_OBJC_WEAK = YES;
				CLANG_WARN_BLOCK_CAPTURE_AUTORELEASING = YES;
				CLANG_WARN_BOOL_CONVERSION = YES;
				CLANG_WARN_COMMA = YES;
				CLANG_WARN_CONSTANT_CONVERSION = YES;
				CLANG_WARN_DEPRECATED_OBJC_IMPLEMENTATIONS = YES;
				CLANG_WARN_DIRECT_OBJC_ISA_USAGE = YES_ERROR;
				CLANG_WARN_DOCUMENTATION_COMMENTS = YES;
				CLANG_WARN_EMPTY_BODY = YES;
				CLANG_WARN_ENUM_CONVERSION = YES;
				CLANG_WARN_INFINITE_RECURSION = YES;
				CLANG_WARN_INT_CONVERSION = YES;
				CLANG_WARN_NON_LITERAL_NULL_CONVERSION = YES;
				CLANG_WARN_OBJC_IMPLICIT_RETAIN_SELF = YES;
				CLANG_WARN_OBJC_LITERAL_CONVERSION = YES;
				CLANG_WARN_OBJC_ROOT_CLASS = YES_ERROR;
				CLANG_WARN_RANGE_LOOP_ANALYSIS = YES;
				CLANG_WARN_STRICT_PROTOTYPES = YES;
				CLANG_WARN_SUSPICIOUS_MOVE = YES;
				CLANG_WARN_UNGUARDED_AVAILABILITY = YES_AGGRESSIVE;
				CLANG_WARN_UNREACHABLE_CODE = YES;
				CLANG_WARN__DUPLICATE_METHOD_MATCH = YES;
				CODE_SIGN_IDENTITY = "iPhone Developer";
				COPY_PHASE_STRIP = NO;
				DEBUG_INFORMATION_FORMAT = "dwarf-with-dsym";
				ENABLE_NS_ASSERTIONS = NO;
				ENABLE_STRICT_OBJC_MSGSEND = YES;
				GCC_C_LANGUAGE_STANDARD = gnu11;
				GCC_NO_COMMON_BLOCKS = YES;
				GCC_WARN_64_TO_32_BIT_CONVERSION = YES;
				GCC_WARN_ABOUT_RETURN_TYPE = YES_ERROR;
				GCC_WARN_UNDECLARED_SELECTOR = YES;
				GCC_WARN_UNINITIALIZED_AUTOS = YES_AGGRESSIVE;
				GCC_WARN_UNUSED_FUNCTION = YES;
				GCC_WARN_UNUSED_VARIABLE = YES;
				IPHONEOS_DEPLOYMENT_TARGET = 11.3;
				MTL_ENABLE_DEBUG_INFO = NO;
				SDKROOT = iphoneos;
				VALIDATE_PRODUCT = YES;
			};
			name = Release;
		};
		FF428DC0207FB6A0008B8057 /* Debug */ = {
			isa = XCBuildConfiguration;
			buildSettings = {
				ASSETCATALOG_COMPILER_APPICON_NAME = AppIcon;
				CODE_SIGN_STYLE = Automatic;
				DEVELOPMENT_TEAM = 696L68SHDX;
				INFOPLIST_FILE = Arrays/Info.plist;
				LD_RUNPATH_SEARCH_PATHS = (
					"$(inherited)",
					"@executable_path/Frameworks",
				);
				PRODUCT_BUNDLE_IDENTIFIER = com.barzdyka.Arrays;
				PRODUCT_NAME = "$(TARGET_NAME)";
				TARGETED_DEVICE_FAMILY = "1,2";
			};
			name = Debug;
		};
		FF428DC1207FB6A0008B8057 /* Release */ = {
			isa = XCBuildConfiguration;
			buildSettings = {
				ASSETCATALOG_COMPILER_APPICON_NAME = AppIcon;
				CODE_SIGN_STYLE = Automatic;
				DEVELOPMENT_TEAM = 696L68SHDX;
				INFOPLIST_FILE = Arrays/Info.plist;
				LD_RUNPATH_SEARCH_PATHS = (
					"$(inherited)",
					"@executable_path/Frameworks",
				);
				PRODUCT_BUNDLE_IDENTIFIER = com.barzdyka.Arrays;
				PRODUCT_NAME = "$(TARGET_NAME)";
				TARGETED_DEVICE_FAMILY = "1,2";
			};
			name = Release;
		};
/* End XCBuildConfiguration section */

/* Begin XCConfigurationList section */
		FF428DA4207FB69D008B8057 /* Build configuration list for PBXProject "Arrays" */ = {
			isa = XCConfigurationList;
			buildConfigurations = (
				FF428DBD207FB6A0008B8057 /* Debug */,
				FF428DBE207FB6A0008B8057 /* Release */,
			);
			defaultConfigurationIsVisible = 0;
			defaultConfigurationName = Release;
		};
		FF428DBF207FB6A0008B8057 /* Build configuration list for PBXNativeTarget "Arrays" */ = {
			isa = XCConfigurationList;
			buildConfigurations = (
				FF428DC0207FB6A0008B8057 /* Debug */,
				FF428DC1207FB6A0008B8057 /* Release */,
			);
			defaultConfigurationIsVisible = 0;
			defaultConfigurationName = Release;
		};
/* End XCConfigurationList section */
	};
	rootObject = FF428DA1207FB69D008B8057 /* Project object */;
}
